name: Update flake.lock

on:
  workflow_dispatch: # Manual trigger
  schedule:
    - cron: "0 0 * * 0" # Weekly on Sunday at midnight UTC

jobs:
  update:
    runs-on: ubuntu-latest
    permissions:
      contents: write
      pull-requests: write
      id-token: write
    steps:
      - uses: actions/checkout@v5

      - name: Install Nix with Determinate
        uses: DeterminateSystems/determinate-nix-action@v3.11.3

      - name: Update flake.lock
        uses: DeterminateSystems/update-flake-lock@v27
        with:
          pr-title: "chore: Update flake.lock"
          pr-labels: |
            dependencies
            automated
          pr-body: |
            ## Automated flake.lock Update

            This PR updates the flake inputs to their latest versions.

            ### What's Updated
            - All flake inputs (nixpkgs, flake-utils, etc.)

            ### Testing
            - [ ] CI passes with updated dependencies
            - [ ] All builds complete successfully
            - [ ] Tests pass

            🤖 Generated by update-flake-lock action
